
Microsoft Visual Studio Solution File, Format Version 12.00
# Visual Studio Version 17
VisualStudioVersion = 17.12.35527.113
MinimumVisualStudioVersion = 10.0.40219.1
Project("{FAE04EC0-301F-11D3-BF4B-00C04F79EFBC}") = "SimpleCalculator", "SimpleCalculator.csproj", "{85ADA0DE-2616-4B0C-A0D9-EE8DD70CB5E0}"
EndProject
Project("{54435603-DBB4-11D2-8724-00A0C9A8B90C}") = "Simple Calculator", "..\Simple Calculator\Simple Calculator.vdproj", "{08E8DC51-3978-4807-9FEA-8665EAD57F1E}"
EndProject
Global
	GlobalSection(SolutionConfigurationPlatforms) = preSolution
		Debug|Any CPU = Debug|Any CPU
		Release|Any CPU = Release|Any CPU
	EndGlobalSection
	GlobalSection(ProjectConfigurationPlatforms) = postSolution
		{85ADA0DE-2616-4B0C-A0D9-EE8DD70CB5E0}.Debug|Any CPU.ActiveCfg = Debug|Any CPU
		{85ADA0DE-2616-4B0C-A0D9-EE8DD70CB5E0}.Debug|Any CPU.Build.0 = Debug|Any CPU
		{85ADA0DE-2616-4B0C-A0D9-EE8DD70CB5E0}.Release|Any CPU.ActiveCfg = Release|Any CPU
		{85ADA0DE-2616-4B0C-A0D9-EE8DD70CB5E0}.Release|Any CPU.Build.0 = Release|Any CPU
		{08E8DC51-3978-4807-9FEA-8665EAD57F1E}.Debug|Any CPU.ActiveCfg = Debug
		{08E8DC51-3978-4807-9FEA-8665EAD57F1E}.Release|Any CPU.ActiveCfg = Release
	EndGlobalSection
	GlobalSection(SolutionProperties) = preSolution
		HideSolutionNode = FALSE
	EndGlobalSection
EndGlobal
